
Microsoft Visual Studio Solution File, Format Version 12.00
# Visual Studio Version 17
VisualStudioVersion = 17.2.32630.192
MinimumVisualStudioVersion = 10.0.40219.1
Project("{9A19103F-16F7-4668-BE54-9A1E7A4F7556}") = "AOUIEditor", "AOUIEditor.csproj", "{F43C8FF4-87B8-4D7A-954F-098999D81EB6}"
EndProject
Global
	GlobalSection(SolutionConfigurationPlatforms) = preSolution
		Debug|Any CPU = Debug|Any CPU
		Release|Any CPU = Release|Any CPU
	EndGlobalSection
	GlobalSection(ProjectConfigurationPlatforms) = postSolution
		{F43C8FF4-87B8-4D7A-954F-098999D81EB6}.Debug|Any CPU.ActiveCfg = Debug|Any CPU
		{F43C8FF4-87B8-4D7A-954F-098999D81EB6}.Debug|Any CPU.Build.0 = Debug|Any CPU
		{F43C8FF4-87B8-4D7A-954F-098999D81EB6}.Release|Any CPU.ActiveCfg = Release|Any CPU
		{F43C8FF4-87B8-4D7A-954F-098999D81EB6}.Release|Any CPU.Build.0 = Release|Any CPU
	EndGlobalSection
	GlobalSection(SolutionProperties) = preSolution
		HideSolutionNode = FALSE
	EndGlobalSection
	GlobalSection(ExtensibilityGlobals) = postSolution
		SolutionGuid = {2F28D827-6460-4739-A573-6B29C2839B11}
	EndGlobalSection
EndGlobal
